{
    "_readme": [
        "This file locks the dependencies of your project to a known state",
        "Read more about it at https://getcomposer.org/doc/01-basic-usage.md#composer-lock-the-lock-file",
        "This file is @generated automatically"
    ],
    "hash": "98a8b7a002cae3aec8965a44475776e6",
    "content-hash": "a4656ef89fde257b639a100ad405f1d7",
    "packages": [
        {
            "name": "defuse/php-encryption",
            "version": "v1.2.1",
            "source": {
                "type": "git",
                "url": "https://github.com/defuse/php-encryption.git",
                "reference": "b87737b2eec06b13f025cabea847338fa203d1b4"
            },
            "dist": {
                "type": "zip",
                "url": "https://api.github.com/repos/defuse/php-encryption/zipball/b87737b2eec06b13f025cabea847338fa203d1b4",
                "reference": "b87737b2eec06b13f025cabea847338fa203d1b4",
                "shasum": ""
            },
            "require": {
                "ext-mcrypt": "*",
                "ext-openssl": "*",
                "php": ">=5.4.0"
            },
            "type": "library",
            "autoload": {
                "files": [
                    "Crypto.php"
                ]
            },
            "notification-url": "https://packagist.org/downloads/",
            "license": [
                "MIT"
            ],
            "authors": [
                {
                    "name": "Taylor Hornby",
                    "email": "havoc@defuse.ca"
                }
            ],
            "description": "Secure PHP Encryption Library",
            "keywords": [
                "aes",
                "cipher",
                "encryption",
                "mcrypt",
                "security"
            ],
            "time": "2015-03-14 20:27:45"
        }
    ],
    "packages-dev": [],
    "aliases": [],
    "minimum-stability": "stable",
    "stability-flags": [],
    "prefer-stable": false,
    "prefer-lowest": false,
    "platform": {
        "php": ">=5.6.0"
    },
    "platform-dev": []
}
